
Microsoft Visual Studio Solution File, Format Version 12.00
# Visual Studio Version 17
VisualStudioVersion = 17.3.32804.467
MinimumVisualStudioVersion = 10.0.40219.1
Project("{9A19103F-16F7-4668-BE54-9A1E7A4F7556}") = "BuscaMinas.Models", "BuscaMinas.Models\BuscaMinas.Models.csproj", "{B0DCE301-402C-4B3A-B700-5274AA7E71D8}"
EndProject
Project("{9A19103F-16F7-4668-BE54-9A1E7A4F7556}") = "Buscaminas.DAL", "Buscaminas.DAL\Buscaminas.DAL.csproj", "{3DDE3E19-A39F-494C-A0E1-15F97DD8A8D3}"
EndProject
Project("{9A19103F-16F7-4668-BE54-9A1E7A4F7556}") = "Buscaminas.API", "Buscaminas.API\Buscaminas.API.csproj", "{25185A7F-73F1-4FFE-B206-7730AEE28A6E}"
EndProject
Project("{9A19103F-16F7-4668-BE54-9A1E7A4F7556}") = "Buscaminas.WASM", "Buscaminas.WASM\Buscaminas.WASM.csproj", "{7D560DEF-44A1-436D-9F4A-D7967E305230}"
EndProject
Project("{00D1A9C2-B5F0-4AF3-8072-F6C62B433612}") = "Buscaminas.Db", "Buscaminas.Db\Buscaminas.Db.sqlproj", "{513EEF5A-9840-4CC8-BAD7-52EBED7E823A}"
EndProject
Global
	GlobalSection(SolutionConfigurationPlatforms) = preSolution
		Debug|Any CPU = Debug|Any CPU
		Release|Any CPU = Release|Any CPU
	EndGlobalSection
	GlobalSection(ProjectConfigurationPlatforms) = postSolution
		{B0DCE301-402C-4B3A-B700-5274AA7E71D8}.Debug|Any CPU.ActiveCfg = Debug|Any CPU
		{B0DCE301-402C-4B3A-B700-5274AA7E71D8}.Debug|Any CPU.Build.0 = Debug|Any CPU
		{B0DCE301-402C-4B3A-B700-5274AA7E71D8}.Release|Any CPU.ActiveCfg = Release|Any CPU
		{B0DCE301-402C-4B3A-B700-5274AA7E71D8}.Release|Any CPU.Build.0 = Release|Any CPU
		{3DDE3E19-A39F-494C-A0E1-15F97DD8A8D3}.Debug|Any CPU.ActiveCfg = Debug|Any CPU
		{3DDE3E19-A39F-494C-A0E1-15F97DD8A8D3}.Debug|Any CPU.Build.0 = Debug|Any CPU
		{3DDE3E19-A39F-494C-A0E1-15F97DD8A8D3}.Release|Any CPU.ActiveCfg = Release|Any CPU
		{3DDE3E19-A39F-494C-A0E1-15F97DD8A8D3}.Release|Any CPU.Build.0 = Release|Any CPU
		{25185A7F-73F1-4FFE-B206-7730AEE28A6E}.Debug|Any CPU.ActiveCfg = Debug|Any CPU
		{25185A7F-73F1-4FFE-B206-7730AEE28A6E}.Debug|Any CPU.Build.0 = Debug|Any CPU
		{25185A7F-73F1-4FFE-B206-7730AEE28A6E}.Release|Any CPU.ActiveCfg = Release|Any CPU
		{25185A7F-73F1-4FFE-B206-7730AEE28A6E}.Release|Any CPU.Build.0 = Release|Any CPU
		{7D560DEF-44A1-436D-9F4A-D7967E305230}.Debug|Any CPU.ActiveCfg = Debug|Any CPU
		{7D560DEF-44A1-436D-9F4A-D7967E305230}.Debug|Any CPU.Build.0 = Debug|Any CPU
		{7D560DEF-44A1-436D-9F4A-D7967E305230}.Release|Any CPU.ActiveCfg = Release|Any CPU
		{7D560DEF-44A1-436D-9F4A-D7967E305230}.Release|Any CPU.Build.0 = Release|Any CPU
		{513EEF5A-9840-4CC8-BAD7-52EBED7E823A}.Debug|Any CPU.ActiveCfg = Debug|Any CPU
		{513EEF5A-9840-4CC8-BAD7-52EBED7E823A}.Debug|Any CPU.Build.0 = Debug|Any CPU
		{513EEF5A-9840-4CC8-BAD7-52EBED7E823A}.Debug|Any CPU.Deploy.0 = Debug|Any CPU
		{513EEF5A-9840-4CC8-BAD7-52EBED7E823A}.Release|Any CPU.ActiveCfg = Release|Any CPU
		{513EEF5A-9840-4CC8-BAD7-52EBED7E823A}.Release|Any CPU.Build.0 = Release|Any CPU
		{513EEF5A-9840-4CC8-BAD7-52EBED7E823A}.Release|Any CPU.Deploy.0 = Release|Any CPU
	EndGlobalSection
	GlobalSection(SolutionProperties) = preSolution
		HideSolutionNode = FALSE
	EndGlobalSection
	GlobalSection(ExtensibilityGlobals) = postSolution
		SolutionGuid = {D564B455-E4AD-41CF-B62B-9EE29FB1AE7D}
	EndGlobalSection
EndGlobal
